<Solution>
  <Folder Name="/Images/">
    <File Path="Project_ToDoList_Anette/Images/activity_diagram.PNG" />
    <File Path="Project_ToDoList_Anette/Images/CSVExporter_UML.PNG" />
    <File Path="Project_ToDoList_Anette/Images/uml_diagram.PNG" />
  </Folder>
  <Project Path="Project_ToDoList_Anette/Project_ToDoList_Anette.csproj" />
</Solution>
